[[package]]
name = "chardet"
version = "4.0.0"
description = "Universal encoding detector for Python 2 and 3"
category = "main"
optional = false
python-versions = ">=2.7, !=3.0.*, !=3.1.*, !=3.2.*, !=3.3.*, !=3.4.*"

[[package]]
name = "click"
version = "7.1.2"
description = "Composable command line interface toolkit"
category = "main"
optional = false
python-versions = ">=2.7, !=3.0.*, !=3.1.*, !=3.2.*, !=3.3.*, !=3.4.*"

[[package]]
name = "click-log"
version = "0.3.2"
description = "Logging integration for Click"
category = "main"
optional = false
python-versions = "*"

[package.dependencies]
click = "*"

[[package]]
name = "python-apt"
version = "0.0.0"
description = "Python bindings for APT"
category = "dev"
optional = false
python-versions = "*"
develop = false

[package.source]
type = "directory"
url = "vendor/python-apt"

[[package]]
name = "python-debian"
version = "0.1.39"
description = "Debian package related modules"
category = "main"
optional = false
python-versions = "*"

[package.dependencies]
chardet = "*"
six = "*"

[[package]]
name = "six"
version = "1.16.0"
description = "Python 2 and 3 compatibility utilities"
category = "main"
optional = false
python-versions = ">=2.7, !=3.0.*, !=3.1.*, !=3.2.*"

[metadata]
lock-version = "1.1"
python-versions = "^3.8"
content-hash = "433ea8631872c48460c6420bf60c8561d5b9a199f12aa84aa2dda911146dbae4"

[metadata.files]
chardet = [
    {file = "chardet-4.0.0-py2.py3-none-any.whl", hash = "sha256:f864054d66fd9118f2e67044ac8981a54775ec5b67aed0441892edb553d21da5"},
    {file = "chardet-4.0.0.tar.gz", hash = "sha256:0d6f53a15db4120f2b08c94f11e7d93d2c911ee118b6b30a04ec3ee8310179fa"},
]
click = [
    {file = "click-7.1.2-py2.py3-none-any.whl", hash = "sha256:dacca89f4bfadd5de3d7489b7c8a566eee0d3676333fbb50030263894c38c0dc"},
    {file = "click-7.1.2.tar.gz", hash = "sha256:d2b5255c7c6349bc1bd1e59e08cd12acbbd63ce649f2588755783aa94dfb6b1a"},
]
click-log = [
    {file = "click-log-0.3.2.tar.gz", hash = "sha256:16fd1ca3fc6b16c98cea63acf1ab474ea8e676849dc669d86afafb0ed7003124"},
    {file = "click_log-0.3.2-py2.py3-none-any.whl", hash = "sha256:eee14dc37cdf3072158570f00406572f9e03e414accdccfccd4c538df9ae322c"},
]
python-apt = []
python-debian = [
    {file = "python-debian-0.1.39.tar.gz", hash = "sha256:6cca96239b5981f5203216d2113fea522477628607ed0a8427e15094a792541c"},
    {file = "python_debian-0.1.39-py3-none-any.whl", hash = "sha256:338951c25091ad88cf23a7621c2e15e5212efa66bc364d3e236a0e25aec935d2"},
    {file = "python_debian-0.1.39-py3.7.egg", hash = "sha256:257f4004adfcf1a8dcd2e215b2ffe829023f4e70eae35ba35b3718d262b5d7d3"},
]
six = [
    {file = "six-1.16.0-py2.py3-none-any.whl", hash = "sha256:8abb2f1d86890a2dfb989f9a77cfcfd3e47c2a354b01111771326f8aa26e0254"},
    {file = "six-1.16.0.tar.gz", hash = "sha256:1e61c37477a1626458e36f7b1d82aa5c9b094fa4802892072e49de9c60c4c926"},
]
